
Microsoft Visual Studio Solution File, Format Version 12.00
Project("{FAE04EC0-301F-11D3-BF4B-00C04F79EFBC}") = "mormorsButiken", "mormorsButiken\mormorsButiken.csproj", "{8D7E224C-8A0A-43C7-8943-12218A50478F}"
EndProject
Global
	GlobalSection(SolutionConfigurationPlatforms) = preSolution
		Debug|Any CPU = Debug|Any CPU
		Release|Any CPU = Release|Any CPU
	EndGlobalSection
	GlobalSection(ProjectConfigurationPlatforms) = postSolution
		{8D7E224C-8A0A-43C7-8943-12218A50478F}.Debug|Any CPU.ActiveCfg = Debug|Any CPU
		{8D7E224C-8A0A-43C7-8943-12218A50478F}.Debug|Any CPU.Build.0 = Debug|Any CPU
		{8D7E224C-8A0A-43C7-8943-12218A50478F}.Release|Any CPU.ActiveCfg = Release|Any CPU
		{8D7E224C-8A0A-43C7-8943-12218A50478F}.Release|Any CPU.Build.0 = Release|Any CPU
	EndGlobalSection
EndGlobal
